
Microsoft Visual Studio Solution File, Format Version 12.00
# Visual Studio 15
VisualStudioVersion = 15.0.27428.2027
MinimumVisualStudioVersion = 10.0.40219.1
Project("{FAE04EC0-301F-11D3-BF4B-00C04F79EFBC}") = "First App Semester 2", "First App Semester 2\First App Semester 2.csproj", "{14263F20-38FB-415B-B528-C5AA178DF79F}"
EndProject
Project("{FAE04EC0-301F-11D3-BF4B-00C04F79EFBC}") = "App 2", "App 2\App 2.csproj", "{A9AD9217-1C48-47E4-B664-20D4AEBF44CB}"
EndProject
Global
	GlobalSection(SolutionConfigurationPlatforms) = preSolution
		Debug|Any CPU = Debug|Any CPU
		Release|Any CPU = Release|Any CPU
	EndGlobalSection
	GlobalSection(ProjectConfigurationPlatforms) = postSolution
		{14263F20-38FB-415B-B528-C5AA178DF79F}.Debug|Any CPU.ActiveCfg = Debug|Any CPU
		{14263F20-38FB-415B-B528-C5AA178DF79F}.Debug|Any CPU.Build.0 = Debug|Any CPU
		{14263F20-38FB-415B-B528-C5AA178DF79F}.Release|Any CPU.ActiveCfg = Release|Any CPU
		{14263F20-38FB-415B-B528-C5AA178DF79F}.Release|Any CPU.Build.0 = Release|Any CPU
		{A9AD9217-1C48-47E4-B664-20D4AEBF44CB}.Debug|Any CPU.ActiveCfg = Debug|Any CPU
		{A9AD9217-1C48-47E4-B664-20D4AEBF44CB}.Debug|Any CPU.Build.0 = Debug|Any CPU
		{A9AD9217-1C48-47E4-B664-20D4AEBF44CB}.Release|Any CPU.ActiveCfg = Release|Any CPU
		{A9AD9217-1C48-47E4-B664-20D4AEBF44CB}.Release|Any CPU.Build.0 = Release|Any CPU
	EndGlobalSection
	GlobalSection(SolutionProperties) = preSolution
		HideSolutionNode = FALSE
	EndGlobalSection
	GlobalSection(ExtensibilityGlobals) = postSolution
		SolutionGuid = {E76C99A5-3CC3-48F3-A9D9-E3FCCF82B937}
	EndGlobalSection
EndGlobal
